
Microsoft Visual Studio Solution File, Format Version 12.00
# Visual Studio Version 17
VisualStudioVersion = 17.8.34525.116
MinimumVisualStudioVersion = 10.0.40219.1
Project("{FAE04EC0-301F-11D3-BF4B-00C04F79EFBC}") = "Atlantik_app_admin", "Atlantik_app_admin\Atlantik_app_admin.csproj", "{ECCC03D8-889A-4097-908E-3D66926C277E}"
EndProject
Global
	GlobalSection(SolutionConfigurationPlatforms) = preSolution
		Debug|Any CPU = Debug|Any CPU
		Release|Any CPU = Release|Any CPU
	EndGlobalSection
	GlobalSection(ProjectConfigurationPlatforms) = postSolution
		{ECCC03D8-889A-4097-908E-3D66926C277E}.Debug|Any CPU.ActiveCfg = Debug|Any CPU
		{ECCC03D8-889A-4097-908E-3D66926C277E}.Debug|Any CPU.Build.0 = Debug|Any CPU
		{ECCC03D8-889A-4097-908E-3D66926C277E}.Release|Any CPU.ActiveCfg = Release|Any CPU
		{ECCC03D8-889A-4097-908E-3D66926C277E}.Release|Any CPU.Build.0 = Release|Any CPU
	EndGlobalSection
	GlobalSection(SolutionProperties) = preSolution
		HideSolutionNode = FALSE
	EndGlobalSection
	GlobalSection(ExtensibilityGlobals) = postSolution
		SolutionGuid = {F97E9B34-FF5E-4875-B74D-F94AC45E2E8B}
	EndGlobalSection
EndGlobal
